
Microsoft Visual Studio Solution File, Format Version 12.00
# Visual Studio Version 16
VisualStudioVersion = 16.0.31424.327
MinimumVisualStudioVersion = 10.0.40219.1
Project("{FAE04EC0-301F-11D3-BF4B-00C04F79EFBC}") = "DoctorOnline_Dashboard", "DoctorOnline_Dashboard\DoctorOnline_Dashboard.csproj", "{9D210DE3-1A74-4298-90D3-525C0198CB4E}"
EndProject
Global
	GlobalSection(SolutionConfigurationPlatforms) = preSolution
		Debug|Any CPU = Debug|Any CPU
		Release|Any CPU = Release|Any CPU
	EndGlobalSection
	GlobalSection(ProjectConfigurationPlatforms) = postSolution
		{9D210DE3-1A74-4298-90D3-525C0198CB4E}.Debug|Any CPU.ActiveCfg = Debug|Any CPU
		{9D210DE3-1A74-4298-90D3-525C0198CB4E}.Debug|Any CPU.Build.0 = Debug|Any CPU
		{9D210DE3-1A74-4298-90D3-525C0198CB4E}.Release|Any CPU.ActiveCfg = Release|Any CPU
		{9D210DE3-1A74-4298-90D3-525C0198CB4E}.Release|Any CPU.Build.0 = Release|Any CPU
	EndGlobalSection
	GlobalSection(SolutionProperties) = preSolution
		HideSolutionNode = FALSE
	EndGlobalSection
	GlobalSection(ExtensibilityGlobals) = postSolution
		SolutionGuid = {EE8236BC-7797-405D-9656-5B1958C45CDE}
	EndGlobalSection
EndGlobal
